PODS:
  - Firebase/Auth (7.10.0):
    - Firebase/CoreOnly
    - FirebaseAuth (~> 7.10.0)
  - Firebase/CoreOnly (7.10.0):
    - FirebaseCore (= 7.10.0)
  - FirebaseAuth (7.10.0):
    - FirebaseCore (~> 7.0)
    - GoogleUtilities/AppDelegateSwizzler (~> 7.0)
    - GoogleUtilities/Environment (~> 7.0)
    - GTMSessionFetcher/Core (~> 1.4)
  - FirebaseCore (7.10.0):
    - FirebaseCoreDiagnostics (~> 7.4)
    - GoogleUtilities/Environment (~> 7.0)
    - GoogleUtilities/Logger (~> 7.0)
  - FirebaseCoreDiagnostics (7.10.0):
    - GoogleDataTransport (~> 8.4)
    - GoogleUtilities/Environment (~> 7.0)
    - GoogleUtilities/Logger (~> 7.0)
    - nanopb (~> 2.30908.0)
  - FirebaseFirestore (1.19.0)
  - FirebaseFirestoreSwift (0.4.0):
    - FirebaseFirestore (>= 1.6.1, ~> 1.6)
  - GoogleDataTransport (8.4.0):
    - GoogleUtilities/Environment (~> 7.2)
    - nanopb (~> 2.30908.0)
    - PromisesObjC (~> 1.2)
  - GoogleUtilities/AppDelegateSwizzler (7.3.1):
    - GoogleUtilities/Environment
    - GoogleUtilities/Logger
    - GoogleUtilities/Network
  - GoogleUtilities/Environment (7.3.1):
    - PromisesObjC (~> 1.2)
  - GoogleUtilities/Logger (7.3.1):
    - GoogleUtilities/Environment
  - GoogleUtilities/Network (7.3.1):
    - GoogleUtilities/Logger
    - "GoogleUtilities/NSData+zlib"
    - GoogleUtilities/Reachability
  - "GoogleUtilities/NSData+zlib (7.3.1)"
  - GoogleUtilities/Reachability (7.3.1):
    - GoogleUtilities/Logger
  - GTMSessionFetcher/Core (1.5.0)
  - nanopb (2.30908.0):
    - nanopb/decode (= 2.30908.0)
    - nanopb/encode (= 2.30908.0)
  - nanopb/decode (2.30908.0)
  - nanopb/encode (2.30908.0)
  - PromisesObjC (1.2.12)
  - SDWebImage (5.11.0):
    - SDWebImage/Core (= 5.11.0)
  - SDWebImage/Core (5.11.0)
  - SuperStackView (0.0.1)
  - Toast-Swift (5.0.1)

DEPENDENCIES:
  - Firebase/Auth
  - FirebaseFirestore (from `https://github.com/invertase/firestore-ios-sdk-frameworks.git`, tag `6.34.0`)
  - FirebaseFirestoreSwift
  - SDWebImage (~> 5.0)
  - SuperStackView (from `https://github.com/Himanshuarora97/SuperStackView.git`)
  - Toast-Swift (~> 5.0.1)

SPEC REPOS:
  trunk:
    - Firebase
    - FirebaseAuth
    - FirebaseCore
    - FirebaseCoreDiagnostics
    - FirebaseFirestoreSwift
    - GoogleDataTransport
    - GoogleUtilities
    - GTMSessionFetcher
    - nanopb
    - PromisesObjC
    - SDWebImage
    - Toast-Swift

EXTERNAL SOURCES:
  FirebaseFirestore:
    :git: https://github.com/invertase/firestore-ios-sdk-frameworks.git
    :tag: 6.34.0
  SuperStackView:
    :git: https://github.com/Himanshuarora97/SuperStackView.git

CHECKOUT OPTIONS:
  FirebaseFirestore:
    :git: https://github.com/invertase/firestore-ios-sdk-frameworks.git
    :tag: 6.34.0
  SuperStackView:
    :commit: 749ab30adfa67205de69b6afb195622522176d61
    :git: https://github.com/Himanshuarora97/SuperStackView.git

SPEC CHECKSUMS:
  Firebase: fffddd0bab8677d07376538365faa93ff3889b39
  FirebaseAuth: 675f2c4eb4426e7c58a78a89965a6530e7863535
  FirebaseCore: ec566d917b2195fc2610aeb148dae99f57a788f9
  FirebaseCoreDiagnostics: 5662a3823ffcc0acbaa9a21ba5ed302fac634705
  FirebaseFirestore: c99994b54c57bc369ca9456bedbd61e0c6052888
  FirebaseFirestoreSwift: 2c46dbc1156db97dc4f6dd798d4f5b57b9c7fab6
  GoogleDataTransport: cd9db2180fcecd8da1b561aea31e3e56cf834aa7
  GoogleUtilities: e1d9ed4e544fc32a93e00e721400cbc3f377200d
  GTMSessionFetcher: b3503b20a988c4e20cc189aa798fd18220133f52
  nanopb: a0ba3315591a9ae0a16a309ee504766e90db0c96
  PromisesObjC: 3113f7f76903778cf4a0586bd1ab89329a0b7b97
  SDWebImage: 7acbb57630ac7db4a495547fb73916ff3e432f6b
  SuperStackView: 2f0d30f12f4119346a170d3328a8ffabad2526d8
  Toast-Swift: 9b6a70f28b3bf0b96c40d46c0c4b9d6639846711

PODFILE CHECKSUM: 688dd8b8b1e4e1ed53b1d595d327d2cdef3056fd

COCOAPODS: 1.10.1
